// !$*UTF8*$!
{
	archiveVersion = 1;
	classes = {
	};
	objectVersion = 77;
	objects = {

/* Begin PBXContainerItemProxy section */
		33F98B552D54E683006FB5F9 /* PBXContainerItemProxy */ = {
			isa = PBXContainerItemProxy;
			containerPortal = 33F98B3A2D54E681006FB5F9 /* Project object */;
			proxyType = 1;
			remoteGlobalIDString = 33F98B412D54E681006FB5F9;
			remoteInfo = "fill-light";
		};
		33F98B5F2D54E683006FB5F9 /* PBXContainerItemProxy */ = {
			isa = PBXContainerItemProxy;
			containerPortal = 33F98B3A2D54E681006FB5F9 /* Project object */;
			proxyType = 1;
			remoteGlobalIDString = 33F98B412D54E681006FB5F9;
			remoteInfo = "fill-light";
		};
/* End PBXContainerItemProxy section */

/* Begin PBXFileReference section */
		33F98B422D54E681006FB5F9 /* fill-light.app */ = {isa = PBXFileReference; explicitFileType = wrapper.application; includeInIndex = 0; path = "fill-light.app"; sourceTree = BUILT_PRODUCTS_DIR; };
		33F98B542D54E683006FB5F9 /* fill-lightTests.xctest */ = {isa = PBXFileReference; explicitFileType = wrapper.cfbundle; includeInIndex = 0; path = "fill-lightTests.xctest"; sourceTree = BUILT_PRODUCTS_DIR; };
		33F98B5E2D54E683006FB5F9 /* fill-lightUITests.xctest */ = {isa = PBXFileReference; explicitFileType = wrapper.cfbundle; includeInIndex = 0; path = "fill-lightUITests.xctest"; sourceTree = BUILT_PRODUCTS_DIR; };
/* End PBXFileReference section */

/* Begin PBXFileSystemSynchronizedRootGroup section */
		33F98B442D54E681006FB5F9 /* fill-light */ = {
			isa = PBXFileSystemSynchronizedRootGroup;
			path = "fill-light";
			sourceTree = "<group>";
		};
		33F98B572D54E683006FB5F9 /* fill-lightTests */ = {
			isa = PBXFileSystemSynchronizedRootGroup;
			path = "fill-lightTests";
			sourceTree = "<group>";
		};
		33F98B612D54E683006FB5F9 /* fill-lightUITests */ = {
			isa = PBXFileSystemSynchronizedRootGroup;
			path = "fill-lightUITests";
			sourceTree = "<group>";
		};
/* End PBXFileSystemSynchronizedRootGroup section */

/* Begin PBXFrameworksBuildPhase section */
		33F98B3F2D54E681006FB5F9 /* Frameworks */ = {
			isa = PBXFrameworksBuildPhase;
			buildActionMask = 2147483647;
			files = (
			);
			runOnlyForDeploymentPostprocessing = 0;
		};
		33F98B512D54E683006FB5F9 /* Frameworks */ = {
			isa = PBXFrameworksBuildPhase;
			buildActionMask = 2147483647;
			files = (
			);
			runOnlyForDeploymentPostprocessing = 0;
		};
		33F98B5B2D54E683006FB5F9 /* Frameworks */ = {
			isa = PBXFrameworksBuildPhase;
			buildActionMask = 2147483647;
			files = (
			);
			runOnlyForDeploymentPostprocessing = 0;
		};
/* End PBXFrameworksBuildPhase section */

/* Begin PBXGroup section */
		33F98B392D54E681006FB5F9 = {
			isa = PBXGroup;
			children = (
				33F98B442D54E681006FB5F9 /* fill-light */,
				33F98B572D54E683006FB5F9 /* fill-lightTests */,
				33F98B612D54E683006FB5F9 /* fill-lightUITests */,
				33F98B432D54E681006FB5F9 /* Products */,
			);
			sourceTree = "<group>";
		};
		33F98B432D54E681006FB5F9 /* Products */ = {
			isa = PBXGroup;
			children = (
				33F98B422D54E681006FB5F9 /* fill-light.app */,
				33F98B542D54E683006FB5F9 /* fill-lightTests.xctest */,
				33F98B5E2D54E683006FB5F9 /* fill-lightUITests.xctest */,
			);
			name = Products;
			sourceTree = "<group>";
		};
/* End PBXGroup section */

/* Begin PBXNativeTarget section */
		33F98B412D54E681006FB5F9 /* fill-light */ = {
			isa = PBXNativeTarget;
			buildConfigurationList = 33F98B682D54E683006FB5F9 /* Build configuration list for PBXNativeTarget "fill-light" */;
			buildPhases = (
				33F98B3E2D54E681006FB5F9 /* Sources */,
				33F98B3F2D54E681006FB5F9 /* Frameworks */,
				33F98B402D54E681006FB5F9 /* Resources */,
			);
			buildRules = (
			);
			dependencies = (
			);
			fileSystemSynchronizedGroups = (
				33F98B442D54E681006FB5F9 /* fill-light */,
			);
			name = "fill-light";
			packageProductDependencies = (
			);
			productName = "fill-light";
			productReference = 33F98B422D54E681006FB5F9 /* fill-light.app */;
			productType = "com.apple.product-type.application";
		};
		33F98B532D54E683006FB5F9 /* fill-lightTests */ = {
			isa = PBXNativeTarget;
			buildConfigurationList = 33F98B6B2D54E683006FB5F9 /* Build configuration list for PBXNativeTarget "fill-lightTests" */;
			buildPhases = (
				33F98B502D54E683006FB5F9 /* Sources */,
				33F98B512D54E683006FB5F9 /* Frameworks */,
				33F98B522D54E683006FB5F9 /* Resources */,
			);
			buildRules = (
			);
			dependencies = (
				33F98B562D54E683006FB5F9 /* PBXTargetDependency */,
			);
			fileSystemSynchronizedGroups = (
				33F98B572D54E683006FB5F9 /* fill-lightTests */,
			);
			name = "fill-lightTests";
			packageProductDependencies = (
			);
			productName = "fill-lightTests";
			productReference = 33F98B542D54E683006FB5F9 /* fill-lightTests.xctest */;
			productType = "com.apple.product-type.bundle.unit-test";
		};
		33F98B5D2D54E683006FB5F9 /* fill-lightUITests */ = {
			isa = PBXNativeTarget;
			buildConfigurationList = 33F98B6E2D54E683006FB5F9 /* Build configuration list for PBXNativeTarget "fill-lightUITests" */;
			buildPhases = (
				33F98B5A2D54E683006FB5F9 /* Sources */,
				33F98B5B2D54E683006FB5F9 /* Frameworks */,
				33F98B5C2D54E683006FB5F9 /* Resources */,
			);
			buildRules = (
			);
			dependencies = (
				33F98B602D54E683006FB5F9 /* PBXTargetDependency */,
			);
			fileSystemSynchronizedGroups = (
				33F98B612D54E683006FB5F9 /* fill-lightUITests */,
			);
			name = "fill-lightUITests";
			packageProductDependencies = (
			);
			productName = "fill-lightUITests";
			productReference = 33F98B5E2D54E683006FB5F9 /* fill-lightUITests.xctest */;
			productType = "com.apple.product-type.bundle.ui-testing";
		};
/* End PBXNativeTarget section */

/* Begin PBXProject section */
		33F98B3A2D54E681006FB5F9 /* Project object */ = {
			isa = PBXProject;
			attributes = {
				BuildIndependentTargetsInParallel = 1;
				LastSwiftUpdateCheck = 1620;
				LastUpgradeCheck = 1620;
				TargetAttributes = {
					33F98B412D54E681006FB5F9 = {
						CreatedOnToolsVersion = 16.2;
					};
					33F98B532D54E683006FB5F9 = {
						CreatedOnToolsVersion = 16.2;
						TestTargetID = 33F98B412D54E681006FB5F9;
					};
					33F98B5D2D54E683006FB5F9 = {
						CreatedOnToolsVersion = 16.2;
						TestTargetID = 33F98B412D54E681006FB5F9;
					};
				};
			};
			buildConfigurationList = 33F98B3D2D54E681006FB5F9 /* Build configuration list for PBXProject "fill-light" */;
			developmentRegion = en;
			hasScannedForEncodings = 0;
			knownRegions = (
				en,
				Base,
			);
			mainGroup = 33F98B392D54E681006FB5F9;
			minimizedProjectReferenceProxies = 1;
			preferredProjectObjectVersion = 77;
			productRefGroup = 33F98B432D54E681006FB5F9 /* Products */;
			projectDirPath = "";
			projectRoot = "";
			targets = (
				33F98B412D54E681006FB5F9 /* fill-light */,
				33F98B532D54E683006FB5F9 /* fill-lightTests */,
				33F98B5D2D54E683006FB5F9 /* fill-lightUITests */,
			);
		};
/* End PBXProject section */

/* Begin PBXResourcesBuildPhase section */
		33F98B402D54E681006FB5F9 /* Resources */ = {
			isa = PBXResourcesBuildPhase;
			buildActionMask = 2147483647;
			files = (
			);
			runOnlyForDeploymentPostprocessing = 0;
		};
		33F98B522D54E683006FB5F9 /* Resources */ = {
			isa = PBXResourcesBuildPhase;
			buildActionMask = 2147483647;
			files = (
			);
			runOnlyForDeploymentPostprocessing = 0;
		};
		33F98B5C2D54E683006FB5F9 /* Resources */ = {
			isa = PBXResourcesBuildPhase;
			buildActionMask = 2147483647;
			files = (
			);
			runOnlyForDeploymentPostprocessing = 0;
		};
/* End PBXResourcesBuildPhase section */

/* Begin PBXSourcesBuildPhase section */
		33F98B3E2D54E681006FB5F9 /* Sources */ = {
			isa = PBXSourcesBuildPhase;
			buildActionMask = 2147483647;
			files = (
			);
			runOnlyForDeploymentPostprocessing = 0;
		};
		33F98B502D54E683006FB5F9 /* Sources */ = {
			isa = PBXSourcesBuildPhase;
			buildActionMask = 2147483647;
			files = (
			);
			runOnlyForDeploymentPostprocessing = 0;
		};
		33F98B5A2D54E683006FB5F9 /* Sources */ = {
			isa = PBXSourcesBuildPhase;
			buildActionMask = 2147483647;
			files = (
			);
			runOnlyForDeploymentPostprocessing = 0;
		};
/* End PBXSourcesBuildPhase section */

/* Begin PBXTargetDependency section */
		33F98B562D54E683006FB5F9 /* PBXTargetDependency */ = {
			isa = PBXTargetDependency;
			target = 33F98B412D54E681006FB5F9 /* fill-light */;
			targetProxy = 33F98B552D54E683006FB5F9 /* PBXContainerItemProxy */;
		};
		33F98B602D54E683006FB5F9 /* PBXTargetDependency */ = {
			isa = PBXTargetDependency;
			target = 33F98B412D54E681006FB5F9 /* fill-light */;
			targetProxy = 33F98B5F2D54E683006FB5F9 /* PBXContainerItemProxy */;
		};
/* End PBXTargetDependency section */

/* Begin XCBuildConfiguration section */
		33F98B662D54E683006FB5F9 /* Debug */ = {
			isa = XCBuildConfiguration;
			buildSettings = {
				ALWAYS_SEARCH_USER_PATHS = NO;
				ASSETCATALOG_COMPILER_GENERATE_SWIFT_ASSET_SYMBOL_EXTENSIONS = YES;
				CLANG_ANALYZER_NONNULL = YES;
				CLANG_ANALYZER_NUMBER_OBJECT_CONVERSION = YES_AGGRESSIVE;
				CLANG_CXX_LANGUAGE_STANDARD = "gnu++20";
				CLANG_ENABLE_MODULES = YES;
				CLANG_ENABLE_OBJC_ARC = YES;
				CLANG_ENABLE_OBJC_WEAK = YES;
				CLANG_WARN_BLOCK_CAPTURE_AUTORELEASING = YES;
				CLANG_WARN_BOOL_CONVERSION = YES;
				CLANG_WARN_COMMA = YES;
				CLANG_WARN_CONSTANT_CONVERSION = YES;
				CLANG_WARN_DEPRECATED_OBJC_IMPLEMENTATIONS = YES;
				CLANG_WARN_DIRECT_OBJC_ISA_USAGE = YES_ERROR;
				CLANG_WARN_DOCUMENTATION_COMMENTS = YES;
				CLANG_WARN_EMPTY_BODY = YES;
				CLANG_WARN_ENUM_CONVERSION = YES;
				CLANG_WARN_INFINITE_RECURSION = YES;
				CLANG_WARN_INT_CONVERSION = YES;
				CLANG_WARN_NON_LITERAL_NULL_CONVERSION = YES;
				CLANG_WARN_OBJC_IMPLICIT_RETAIN_SELF = YES;
				CLANG_WARN_OBJC_LITERAL_CONVERSION = YES;
				CLANG_WARN_OBJC_ROOT_CLASS = YES_ERROR;
				CLANG_WARN_QUOTED_INCLUDE_IN_FRAMEWORK_HEADER = YES;
				CLANG_WARN_RANGE_LOOP_ANALYSIS = YES;
				CLANG_WARN_STRICT_PROTOTYPES = YES;
				CLANG_WARN_SUSPICIOUS_MOVE = YES;
				CLANG_WARN_UNGUARDED_AVAILABILITY = YES_AGGRESSIVE;
				CLANG_WARN_UNREACHABLE_CODE = YES;
				CLANG_WARN__DUPLICATE_METHOD_MATCH = YES;
				COPY_PHASE_STRIP = NO;
				DEBUG_INFORMATION_FORMAT = dwarf;
				ENABLE_STRICT_OBJC_MSGSEND = YES;
				ENABLE_TESTABILITY = YES;
				ENABLE_USER_SCRIPT_SANDBOXING = YES;
				GCC_C_LANGUAGE_STANDARD = gnu17;
				GCC_DYNAMIC_NO_PIC = NO;
				GCC_NO_COMMON_BLOCKS = YES;
				GCC_OPTIMIZATION_LEVEL = 0;
				GCC_PREPROCESSOR_DEFINITIONS = (
					"DEBUG=1",
					"$(inherited)",
				);
				GCC_WARN_64_TO_32_BIT_CONVERSION = YES;
				GCC_WARN_ABOUT_RETURN_TYPE = YES_ERROR;
				GCC_WARN_UNDECLARED_SELECTOR = YES;
				GCC_WARN_UNINITIALIZED_AUTOS = YES_AGGRESSIVE;
				GCC_WARN_UNUSED_FUNCTION = YES;
				GCC_WARN_UNUSED_VARIABLE = YES;
				IPHONEOS_DEPLOYMENT_TARGET = 18.2;
				LOCALIZATION_PREFERS_STRING_CATALOGS = YES;
				MTL_ENABLE_DEBUG_INFO = INCLUDE_SOURCE;
				MTL_FAST_MATH = YES;
				ONLY_ACTIVE_ARCH = YES;
				SDKROOT = iphoneos;
				SWIFT_ACTIVE_COMPILATION_CONDITIONS = "DEBUG $(inherited)";
				SWIFT_OPTIMIZATION_LEVEL = "-Onone";
			};
			name = Debug;
		};
		33F98B672D54E683006FB5F9 /* Release */ = {
			isa = XCBuildConfiguration;
			buildSettings = {
				ALWAYS_SEARCH_USER_PATHS = NO;
				ASSETCATALOG_COMPILER_GENERATE_SWIFT_ASSET_SYMBOL_EXTENSIONS = YES;
				CLANG_ANALYZER_NONNULL = YES;
				CLANG_ANALYZER_NUMBER_OBJECT_CONVERSION = YES_AGGRESSIVE;
				CLANG_CXX_LANGUAGE_STANDARD = "gnu++20";
				CLANG_ENABLE_MODULES = YES;
				CLANG_ENABLE_OBJC_ARC = YES;
				CLANG_ENABLE_OBJC_WEAK = YES;
				CLANG_WARN_BLOCK_CAPTURE_AUTORELEASING = YES;
				CLANG_WARN_BOOL_CONVERSION = YES;
				CLANG_WARN_COMMA = YES;
				CLANG_WARN_CONSTANT_CONVERSION = YES;
				CLANG_WARN_DEPRECATED_OBJC_IMPLEMENTATIONS = YES;
				CLANG_WARN_DIRECT_OBJC_ISA_USAGE = YES_ERROR;
				CLANG_WARN_DOCUMENTATION_COMMENTS = YES;
				CLANG_WARN_EMPTY_BODY = YES;
				CLANG_WARN_ENUM_CONVERSION = YES;
				CLANG_WARN_INFINITE_RECURSION = YES;
				CLANG_WARN_INT_CONVERSION = YES;
				CLANG_WARN_NON_LITERAL_NULL_CONVERSION = YES;
				CLANG_WARN_OBJC_IMPLICIT_RETAIN_SELF = YES;
				CLANG_WARN_OBJC_LITERAL_CONVERSION = YES;
				CLANG_WARN_OBJC_ROOT_CLASS = YES_ERROR;
				CLANG_WARN_QUOTED_INCLUDE_IN_FRAMEWORK_HEADER = YES;
				CLANG_WARN_RANGE_LOOP_ANALYSIS = YES;
				CLANG_WARN_STRICT_PROTOTYPES = YES;
				CLANG_WARN_SUSPICIOUS_MOVE = YES;
				CLANG_WARN_UNGUARDED_AVAILABILITY = YES_AGGRESSIVE;
				CLANG_WARN_UNREACHABLE_CODE = YES;
				CLANG_WARN__DUPLICATE_METHOD_MATCH = YES;
				COPY_PHASE_STRIP = NO;
				DEBUG_INFORMATION_FORMAT = "dwarf-with-dsym";
				ENABLE_NS_ASSERTIONS = NO;
				ENABLE_STRICT_OBJC_MSGSEND = YES;
				ENABLE_USER_SCRIPT_SANDBOXING = YES;
				GCC_C_LANGUAGE_STANDARD = gnu17;
				GCC_NO_COMMON_BLOCKS = YES;
				GCC_WARN_64_TO_32_BIT_CONVERSION = YES;
				GCC_WARN_ABOUT_RETURN_TYPE = YES_ERROR;
				GCC_WARN_UNDECLARED_SELECTOR = YES;
				GCC_WARN_UNINITIALIZED_AUTOS = YES_AGGRESSIVE;
				GCC_WARN_UNUSED_FUNCTION = YES;
				GCC_WARN_UNUSED_VARIABLE = YES;
				IPHONEOS_DEPLOYMENT_TARGET = 18.2;
				LOCALIZATION_PREFERS_STRING_CATALOGS = YES;
				MTL_ENABLE_DEBUG_INFO = NO;
				MTL_FAST_MATH = YES;
				SDKROOT = iphoneos;
				SWIFT_COMPILATION_MODE = wholemodule;
				VALIDATE_PRODUCT = YES;
			};
			name = Release;
		};
		33F98B692D54E683006FB5F9 /* Debug */ = {
			isa = XCBuildConfiguration;
			buildSettings = {
				ASSETCATALOG_COMPILER_APPICON_NAME = AppIcon;
				ASSETCATALOG_COMPILER_GLOBAL_ACCENT_COLOR_NAME = AccentColor;
				CODE_SIGN_STYLE = Automatic;
				CURRENT_PROJECT_VERSION = 1;
				DEVELOPMENT_ASSET_PATHS = "\"fill-light/Preview Content\"";
				ENABLE_PREVIEWS = YES;
				GENERATE_INFOPLIST_FILE = YES;
				INFOPLIST_KEY_NSCameraUsageDescription = "需要访问相机以进行自拍";
				INFOPLIST_KEY_NSPhotoLibraryUsageDescription = "需要访问相册以保存自拍照片";
				INFOPLIST_KEY_UIApplicationSceneManifest_Generation = YES;
				INFOPLIST_KEY_UIApplicationSupportsIndirectInputEvents = YES;
				INFOPLIST_KEY_UILaunchScreen_Generation = YES;
				INFOPLIST_KEY_UISupportedInterfaceOrientations_iPad = "UIInterfaceOrientationPortrait UIInterfaceOrientationPortraitUpsideDown UIInterfaceOrientationLandscapeLeft UIInterfaceOrientationLandscapeRight";
				INFOPLIST_KEY_UISupportedInterfaceOrientations_iPhone = "UIInterfaceOrientationPortrait UIInterfaceOrientationLandscapeLeft UIInterfaceOrientationLandscapeRight";
				LD_RUNPATH_SEARCH_PATHS = (
					"$(inherited)",
					"@executable_path/Frameworks",
				);
				MARKETING_VERSION = 1.0;
				PRODUCT_BUNDLE_IDENTIFIER = "com.hawkeye-xb.fill-light";
				PRODUCT_NAME = "$(TARGET_NAME)";
				SWIFT_EMIT_LOC_STRINGS = YES;
				SWIFT_VERSION = 5.0;
				TARGETED_DEVICE_FAMILY = "1,2";
			};
			name = Debug;
		};
		33F98B6A2D54E683006FB5F9 /* Release */ = {
			isa = XCBuildConfiguration;
			buildSettings = {
				ASSETCATALOG_COMPILER_APPICON_NAME = AppIcon;
				ASSETCATALOG_COMPILER_GLOBAL_ACCENT_COLOR_NAME = AccentColor;
				CODE_SIGN_STYLE = Automatic;
				CURRENT_PROJECT_VERSION = 1;
				DEVELOPMENT_ASSET_PATHS = "\"fill-light/Preview Content\"";
				ENABLE_PREVIEWS = YES;
				GENERATE_INFOPLIST_FILE = YES;
				INFOPLIST_KEY_NSCameraUsageDescription = "需要访问相机以进行自拍";
				INFOPLIST_KEY_NSPhotoLibraryUsageDescription = "需要访问相册以保存自拍照片";
				INFOPLIST_KEY_UIApplicationSceneManifest_Generation = YES;
				INFOPLIST_KEY_UIApplicationSupportsIndirectInputEvents = YES;
				INFOPLIST_KEY_UILaunchScreen_Generation = YES;
				INFOPLIST_KEY_UISupportedInterfaceOrientations_iPad = "UIInterfaceOrientationPortrait UIInterfaceOrientationPortraitUpsideDown UIInterfaceOrientationLandscapeLeft UIInterfaceOrientationLandscapeRight";
				INFOPLIST_KEY_UISupportedInterfaceOrientations_iPhone = "UIInterfaceOrientationPortrait UIInterfaceOrientationLandscapeLeft UIInterfaceOrientationLandscapeRight";
				LD_RUNPATH_SEARCH_PATHS = (
					"$(inherited)",
					"@executable_path/Frameworks",
				);
				MARKETING_VERSION = 1.0;
				PRODUCT_BUNDLE_IDENTIFIER = "com.hawkeye-xb.fill-light";
				PRODUCT_NAME = "$(TARGET_NAME)";
				SWIFT_EMIT_LOC_STRINGS = YES;
				SWIFT_VERSION = 5.0;
				TARGETED_DEVICE_FAMILY = "1,2";
			};
			name = Release;
		};
		33F98B6C2D54E683006FB5F9 /* Debug */ = {
			isa = XCBuildConfiguration;
			buildSettings = {
				BUNDLE_LOADER = "$(TEST_HOST)";
				CODE_SIGN_STYLE = Automatic;
				CURRENT_PROJECT_VERSION = 1;
				GENERATE_INFOPLIST_FILE = YES;
				IPHONEOS_DEPLOYMENT_TARGET = 18.2;
				MARKETING_VERSION = 1.0;
				PRODUCT_BUNDLE_IDENTIFIER = "com.hawkeye-xb.fill-lightTests";
				PRODUCT_NAME = "$(TARGET_NAME)";
				SWIFT_EMIT_LOC_STRINGS = NO;
				SWIFT_VERSION = 5.0;
				TARGETED_DEVICE_FAMILY = "1,2";
				TEST_HOST = "$(BUILT_PRODUCTS_DIR)/fill-light.app/$(BUNDLE_EXECUTABLE_FOLDER_PATH)/fill-light";
			};
			name = Debug;
		};
		33F98B6D2D54E683006FB5F9 /* Release */ = {
			isa = XCBuildConfiguration;
			buildSettings = {
				BUNDLE_LOADER = "$(TEST_HOST)";
				CODE_SIGN_STYLE = Automatic;
				CURRENT_PROJECT_VERSION = 1;
				GENERATE_INFOPLIST_FILE = YES;
				IPHONEOS_DEPLOYMENT_TARGET = 18.2;
				MARKETING_VERSION = 1.0;
				PRODUCT_BUNDLE_IDENTIFIER = "com.hawkeye-xb.fill-lightTests";
				PRODUCT_NAME = "$(TARGET_NAME)";
				SWIFT_EMIT_LOC_STRINGS = NO;
				SWIFT_VERSION = 5.0;
				TARGETED_DEVICE_FAMILY = "1,2";
				TEST_HOST = "$(BUILT_PRODUCTS_DIR)/fill-light.app/$(BUNDLE_EXECUTABLE_FOLDER_PATH)/fill-light";
			};
			name = Release;
		};
		33F98B6F2D54E683006FB5F9 /* Debug */ = {
			isa = XCBuildConfiguration;
			buildSettings = {
				CODE_SIGN_STYLE = Automatic;
				CURRENT_PROJECT_VERSION = 1;
				GENERATE_INFOPLIST_FILE = YES;
				MARKETING_VERSION = 1.0;
				PRODUCT_BUNDLE_IDENTIFIER = "com.hawkeye-xb.fill-lightUITests";
				PRODUCT_NAME = "$(TARGET_NAME)";
				SWIFT_EMIT_LOC_STRINGS = NO;
				SWIFT_VERSION = 5.0;
				TARGETED_DEVICE_FAMILY = "1,2";
				TEST_TARGET_NAME = "fill-light";
			};
			name = Debug;
		};
		33F98B702D54E683006FB5F9 /* Release */ = {
			isa = XCBuildConfiguration;
			buildSettings = {
				CODE_SIGN_STYLE = Automatic;
				CURRENT_PROJECT_VERSION = 1;
				GENERATE_INFOPLIST_FILE = YES;
				MARKETING_VERSION = 1.0;
				PRODUCT_BUNDLE_IDENTIFIER = "com.hawkeye-xb.fill-lightUITests";
				PRODUCT_NAME = "$(TARGET_NAME)";
				SWIFT_EMIT_LOC_STRINGS = NO;
				SWIFT_VERSION = 5.0;
				TARGETED_DEVICE_FAMILY = "1,2";
				TEST_TARGET_NAME = "fill-light";
			};
			name = Release;
		};
/* End XCBuildConfiguration section */

/* Begin XCConfigurationList section */
		33F98B3D2D54E681006FB5F9 /* Build configuration list for PBXProject "fill-light" */ = {
			isa = XCConfigurationList;
			buildConfigurations = (
				33F98B662D54E683006FB5F9 /* Debug */,
				33F98B672D54E683006FB5F9 /* Release */,
			);
			defaultConfigurationIsVisible = 0;
			defaultConfigurationName = Release;
		};
		33F98B682D54E683006FB5F9 /* Build configuration list for PBXNativeTarget "fill-light" */ = {
			isa = XCConfigurationList;
			buildConfigurations = (
				33F98B692D54E683006FB5F9 /* Debug */,
				33F98B6A2D54E683006FB5F9 /* Release */,
			);
			defaultConfigurationIsVisible = 0;
			defaultConfigurationName = Release;
		};
		33F98B6B2D54E683006FB5F9 /* Build configuration list for PBXNativeTarget "fill-lightTests" */ = {
			isa = XCConfigurationList;
			buildConfigurations = (
				33F98B6C2D54E683006FB5F9 /* Debug */,
				33F98B6D2D54E683006FB5F9 /* Release */,
			);
			defaultConfigurationIsVisible = 0;
			defaultConfigurationName = Release;
		};
		33F98B6E2D54E683006FB5F9 /* Build configuration list for PBXNativeTarget "fill-lightUITests" */ = {
			isa = XCConfigurationList;
			buildConfigurations = (
				33F98B6F2D54E683006FB5F9 /* Debug */,
				33F98B702D54E683006FB5F9 /* Release */,
			);
			defaultConfigurationIsVisible = 0;
			defaultConfigurationName = Release;
		};
/* End XCConfigurationList section */
	};
	rootObject = 33F98B3A2D54E681006FB5F9 /* Project object */;
}
